
Microsoft Visual Studio Solution File, Format Version 12.00
# Visual Studio Version 16
VisualStudioVersion = 16.0.30711.63
MinimumVisualStudioVersion = 10.0.40219.1
Project("{FAE04EC0-301F-11D3-BF4B-00C04F79EFBC}") = "TheCompany", "TheCompany\TheCompany.csproj", "{037FA7A5-2DCB-44C1-909E-6DB318EE9801}"
EndProject
Global
	GlobalSection(SolutionConfigurationPlatforms) = preSolution
		Debug|Any CPU = Debug|Any CPU
		Release|Any CPU = Release|Any CPU
	EndGlobalSection
	GlobalSection(ProjectConfigurationPlatforms) = postSolution
		{037FA7A5-2DCB-44C1-909E-6DB318EE9801}.Debug|Any CPU.ActiveCfg = Debug|Any CPU
		{037FA7A5-2DCB-44C1-909E-6DB318EE9801}.Debug|Any CPU.Build.0 = Debug|Any CPU
		{037FA7A5-2DCB-44C1-909E-6DB318EE9801}.Release|Any CPU.ActiveCfg = Release|Any CPU
		{037FA7A5-2DCB-44C1-909E-6DB318EE9801}.Release|Any CPU.Build.0 = Release|Any CPU
	EndGlobalSection
	GlobalSection(SolutionProperties) = preSolution
		HideSolutionNode = FALSE
	EndGlobalSection
	GlobalSection(ExtensibilityGlobals) = postSolution
		SolutionGuid = {6AC07AB5-223F-43BB-AFC5-5054480EC8E7}
	EndGlobalSection
EndGlobal
