
Microsoft Visual Studio Solution File, Format Version 12.00
# Visual Studio Version 16
VisualStudioVersion = 16.0.30611.23
MinimumVisualStudioVersion = 10.0.40219.1
Project("{FAE04EC0-301F-11D3-BF4B-00C04F79EFBC}") = "OrganisationX", "OrganisationX\OrganisationX.csproj", "{B5E12489-958D-400D-9A71-0343FEBE890B}"
EndProject
Global
	GlobalSection(SolutionConfigurationPlatforms) = preSolution
		Debug|Any CPU = Debug|Any CPU
		Release|Any CPU = Release|Any CPU
	EndGlobalSection
	GlobalSection(ProjectConfigurationPlatforms) = postSolution
		{B5E12489-958D-400D-9A71-0343FEBE890B}.Debug|Any CPU.ActiveCfg = Debug|Any CPU
		{B5E12489-958D-400D-9A71-0343FEBE890B}.Debug|Any CPU.Build.0 = Debug|Any CPU
		{B5E12489-958D-400D-9A71-0343FEBE890B}.Release|Any CPU.ActiveCfg = Release|Any CPU
		{B5E12489-958D-400D-9A71-0343FEBE890B}.Release|Any CPU.Build.0 = Release|Any CPU
	EndGlobalSection
	GlobalSection(SolutionProperties) = preSolution
		HideSolutionNode = FALSE
	EndGlobalSection
	GlobalSection(ExtensibilityGlobals) = postSolution
		SolutionGuid = {12795C58-AAF6-4C25-9D31-AE81C6E70FC1}
	EndGlobalSection
EndGlobal
